// !$*UTF8*$!
{
	archiveVersion = 1;
	classes = {
	};
	objectVersion = 50;
	objects = {

/* Begin PBXBuildFile section */
		894DEA872118170B001CA66F /* AppDelegate.swift in Sources */ = {isa = PBXBuildFile; fileRef = 894DEA862118170B001CA66F /* AppDelegate.swift */; };
		894DEA892118170B001CA66F /* ViewController.swift in Sources */ = {isa = PBXBuildFile; fileRef = 894DEA882118170B001CA66F /* ViewController.swift */; };
		894DEA8C2118170B001CA66F /* Main.storyboard in Resources */ = {isa = PBXBuildFile; fileRef = 894DEA8A2118170B001CA66F /* Main.storyboard */; };
		894DEA8E2118170D001CA66F /* Assets.xcassets in Resources */ = {isa = PBXBuildFile; fileRef = 894DEA8D2118170D001CA66F /* Assets.xcassets */; };
		894DEA912118170D001CA66F /* LaunchScreen.storyboard in Resources */ = {isa = PBXBuildFile; fileRef = 894DEA8F2118170D001CA66F /* LaunchScreen.storyboard */; };
		894DEA9921181736001CA66F /* busy.png in Resources */ = {isa = PBXBuildFile; fileRef = 894DEA9821181736001CA66F /* busy.png */; };
		894DEA9B21181742001CA66F /* Shimmer.swift in Sources */ = {isa = PBXBuildFile; fileRef = 894DEA9A21181742001CA66F /* Shimmer.swift */; };
/* End PBXBuildFile section */

/* Begin PBXFileReference section */
		894DEA832118170B001CA66F /* Shimmer Effect.app */ = {isa = PBXFileReference; explicitFileType = wrapper.application; includeInIndex = 0; path = "Shimmer Effect.app"; sourceTree = BUILT_PRODUCTS_DIR; };
		894DEA862118170B001CA66F /* AppDelegate.swift */ = {isa = PBXFileReference; lastKnownFileType = sourcecode.swift; path = AppDelegate.swift; sourceTree = "<group>"; };
		894DEA882118170B001CA66F /* ViewController.swift */ = {isa = PBXFileReference; lastKnownFileType = sourcecode.swift; path = ViewController.swift; sourceTree = "<group>"; };
		894DEA8B2118170B001CA66F /* Base */ = {isa = PBXFileReference; lastKnownFileType = file.storyboard; name = Base; path = Base.lproj/Main.storyboard; sourceTree = "<group>"; };
		894DEA8D2118170D001CA66F /* Assets.xcassets */ = {isa = PBXFileReference; lastKnownFileType = folder.assetcatalog; path = Assets.xcassets; sourceTree = "<group>"; };
		894DEA902118170D001CA66F /* Base */ = {isa = PBXFileReference; lastKnownFileType = file.storyboard; name = Base; path = Base.lproj/LaunchScreen.storyboard; sourceTree = "<group>"; };
		894DEA922118170D001CA66F /* Info.plist */ = {isa = PBXFileReference; lastKnownFileType = text.plist.xml; path = Info.plist; sourceTree = "<group>"; };
		894DEA9821181736001CA66F /* busy.png */ = {isa = PBXFileReference; lastKnownFileType = image.png; path = busy.png; sourceTree = "<group>"; };
		894DEA9A21181742001CA66F /* Shimmer.swift */ = {isa = PBXFileReference; fileEncoding = 4; lastKnownFileType = sourcecode.swift; path = Shimmer.swift; sourceTree = "<group>"; };
/* End PBXFileReference section */

/* Begin PBXFrameworksBuildPhase section */
		894DEA802118170B001CA66F /* Frameworks */ = {
			isa = PBXFrameworksBuildPhase;
			buildActionMask = 2147483647;
			files = (
			);
			runOnlyForDeploymentPostprocessing = 0;
		};
/* End PBXFrameworksBuildPhase section */

/* Begin PBXGroup section */
		894DEA7A2118170B001CA66F = {
			isa = PBXGroup;
			children = (
				894DEA852118170B001CA66F /* Shimmer Effect */,
				894DEA842118170B001CA66F /* Products */,
			);
			sourceTree = "<group>";
		};
		894DEA842118170B001CA66F /* Products */ = {
			isa = PBXGroup;
			children = (
				894DEA832118170B001CA66F /* Shimmer Effect.app */,
			);
			name = Products;
			sourceTree = "<group>";
		};
		894DEA852118170B001CA66F /* Shimmer Effect */ = {
			isa = PBXGroup;
			children = (
				894DEA9821181736001CA66F /* busy.png */,
				894DEA862118170B001CA66F /* AppDelegate.swift */,
				894DEA882118170B001CA66F /* ViewController.swift */,
				894DEA9A21181742001CA66F /* Shimmer.swift */,
				894DEA8A2118170B001CA66F /* Main.storyboard */,
				894DEA8D2118170D001CA66F /* Assets.xcassets */,
				894DEA8F2118170D001CA66F /* LaunchScreen.storyboard */,
				894DEA922118170D001CA66F /* Info.plist */,
			);
			path = "Shimmer Effect";
			sourceTree = "<group>";
		};
/* End PBXGroup section */

/* Begin PBXNativeTarget section */
		894DEA822118170B001CA66F /* Shimmer Effect */ = {
			isa = PBXNativeTarget;
			buildConfigurationList = 894DEA952118170D001CA66F /* Build configuration list for PBXNativeTarget "Shimmer Effect" */;
			buildPhases = (
				894DEA7F2118170B001CA66F /* Sources */,
				894DEA802118170B001CA66F /* Frameworks */,
				894DEA812118170B001CA66F /* Resources */,
			);
			buildRules = (
			);
			dependencies = (
			);
			name = "Shimmer Effect";
			productName = "Shimmer Effect";
			productReference = 894DEA832118170B001CA66F /* Shimmer Effect.app */;
			productType = "com.apple.product-type.application";
		};
/* End PBXNativeTarget section */

/* Begin PBXProject section */
		894DEA7B2118170B001CA66F /* Project object */ = {
			isa = PBXProject;
			attributes = {
				LastSwiftUpdateCheck = 0930;
				LastUpgradeCheck = 0930;
				ORGANIZATIONNAME = MyOrg;
				TargetAttributes = {
					894DEA822118170B001CA66F = {
						CreatedOnToolsVersion = 9.3;
					};
				};
			};
			buildConfigurationList = 894DEA7E2118170B001CA66F /* Build configuration list for PBXProject "Shimmer Effect" */;
			compatibilityVersion = "Xcode 9.3";
			developmentRegion = en;
			hasScannedForEncodings = 0;
			knownRegions = (
				en,
				Base,
			);
			mainGroup = 894DEA7A2118170B001CA66F;
			productRefGroup = 894DEA842118170B001CA66F /* Products */;
			projectDirPath = "";
			projectRoot = "";
			targets = (
				894DEA822118170B001CA66F /* Shimmer Effect */,
			);
		};
/* End PBXProject section */

/* Begin PBXResourcesBuildPhase section */
		894DEA812118170B001CA66F /* Resources */ = {
			isa = PBXResourcesBuildPhase;
			buildActionMask = 2147483647;
			files = (
				894DEA912118170D001CA66F /* LaunchScreen.storyboard in Resources */,
				894DEA8E2118170D001CA66F /* Assets.xcassets in Resources */,
				894DEA9921181736001CA66F /* busy.png in Resources */,
				894DEA8C2118170B001CA66F /* Main.storyboard in Resources */,
			);
			runOnlyForDeploymentPostprocessing = 0;
		};
/* End PBXResourcesBuildPhase section */

/* Begin PBXSourcesBuildPhase section */
		894DEA7F2118170B001CA66F /* Sources */ = {
			isa = PBXSourcesBuildPhase;
			buildActionMask = 2147483647;
			files = (
				894DEA892118170B001CA66F /* ViewController.swift in Sources */,
				894DEA9B21181742001CA66F /* Shimmer.swift in Sources */,
				894DEA872118170B001CA66F /* AppDelegate.swift in Sources */,
			);
			runOnlyForDeploymentPostprocessing = 0;
		};
/* End PBXSourcesBuildPhase section */

/* Begin PBXVariantGroup section */
		894DEA8A2118170B001CA66F /* Main.storyboard */ = {
			isa = PBXVariantGroup;
			children = (
				894DEA8B2118170B001CA66F /* Base */,
			);
			name = Main.storyboard;
			sourceTree = "<group>";
		};
		894DEA8F2118170D001CA66F /* LaunchScreen.storyboard */ = {
			isa = PBXVariantGroup;
			children = (
				894DEA902118170D001CA66F /* Base */,
			);
			name = LaunchScreen.storyboard;
			sourceTree = "<group>";
		};
/* End PBXVariantGroup section */

/* Begin XCBuildConfiguration section */
		894DEA932118170D001CA66F /* Debug */ = {
			isa = XCBuildConfiguration;
			buildSettings = {
				ALWAYS_SEARCH_USER_PATHS = NO;
				CLANG_ANALYZER_NONNULL = YES;
				CLANG_ANALYZER_NUMBER_OBJECT_CONVERSION = YES_AGGRESSIVE;
				CLANG_CXX_LANGUAGE_STANDARD = "gnu++14";
				CLANG_CXX_LIBRARY = "libc++";
				CLANG_ENABLE_MODULES = YES;
				CLANG_ENABLE_OBJC_ARC = YES;
				CLANG_ENABLE_OBJC_WEAK = YES;
				CLANG_WARN_BLOCK_CAPTURE_AUTORELEASING = YES;
				CLANG_WARN_BOOL_CONVERSION = YES;
				CLANG_WARN_COMMA = YES;
				CLANG_WARN_CONSTANT_CONVERSION = YES;
				CLANG_WARN_DEPRECATED_OBJC_IMPLEMENTATIONS = YES;
				CLANG_WARN_DIRECT_OBJC_ISA_USAGE = YES_ERROR;
				CLANG_WARN_DOCUMENTATION_COMMENTS = YES;
				CLANG_WARN_EMPTY_BODY = YES;
				CLANG_WARN_ENUM_CONVERSION = YES;
				CLANG_WARN_INFINITE_RECURSION = YES;
				CLANG_WARN_INT_CONVERSION = YES;
				CLANG_WARN_NON_LITERAL_NULL_CONVERSION = YES;
				CLANG_WARN_OBJC_IMPLICIT_RETAIN_SELF = YES;
				CLANG_WARN_OBJC_LITERAL_CONVERSION = YES;
				CLANG_WARN_OBJC_ROOT_CLASS = YES_ERROR;
				CLANG_WARN_RANGE_LOOP_ANALYSIS = YES;
				CLANG_WARN_STRICT_PROTOTYPES = YES;
				CLANG_WARN_SUSPICIOUS_MOVE = YES;
				CLANG_WARN_UNGUARDED_AVAILABILITY = YES_AGGRESSIVE;
				CLANG_WARN_UNREACHABLE_CODE = YES;
				CLANG_WARN__DUPLICATE_METHOD_MATCH = YES;
				CODE_SIGN_IDENTITY = "iPhone Developer";
				COPY_PHASE_STRIP = NO;
				DEBUG_INFORMATION_FORMAT = dwarf;
				ENABLE_STRICT_OBJC_MSGSEND = YES;
				ENABLE_TESTABILITY = YES;
				GCC_C_LANGUAGE_STANDARD = gnu11;
				GCC_DYNAMIC_NO_PIC = NO;
				GCC_NO_COMMON_BLOCKS = YES;
				GCC_OPTIMIZATION_LEVEL = 0;
				GCC_PREPROCESSOR_DEFINITIONS = (
					"DEBUG=1",
					"$(inherited)",
				);
				GCC_WARN_64_TO_32_BIT_CONVERSION = YES;
				GCC_WARN_ABOUT_RETURN_TYPE = YES_ERROR;
				GCC_WARN_UNDECLARED_SELECTOR = YES;
				GCC_WARN_UNINITIALIZED_AUTOS = YES_AGGRESSIVE;
				GCC_WARN_UNUSED_FUNCTION = YES;
				GCC_WARN_UNUSED_VARIABLE = YES;
				IPHONEOS_DEPLOYMENT_TARGET = 11.3;
				MTL_ENABLE_DEBUG_INFO = YES;
				ONLY_ACTIVE_ARCH = YES;
				SDKROOT = iphoneos;
				SWIFT_ACTIVE_COMPILATION_CONDITIONS = DEBUG;
				SWIFT_OPTIMIZATION_LEVEL = "-Onone";
			};
			name = Debug;
		};
		894DEA942118170D001CA66F /* Release */ = {
			isa = XCBuildConfiguration;
			buildSettings = {
				ALWAYS_SEARCH_USER_PATHS = NO;
				CLANG_ANALYZER_NONNULL = YES;
				CLANG_ANALYZER_NUMBER_OBJECT_CONVERSION = YES_AGGRESSIVE;
				CLANG_CXX_LANGUAGE_STANDARD = "gnu++14";
				CLANG_CXX_LIBRARY = "libc++";
				CLANG_ENABLE_MODULES = YES;
				CLANG_ENABLE_OBJC_ARC = YES;
				CLANG_ENABLE_OBJC_WEAK = YES;
				CLANG_WARN_BLOCK_CAPTURE_AUTORELEASING = YES;
				CLANG_WARN_BOOL_CONVERSION = YES;
				CLANG_WARN_COMMA = YES;
				CLANG_WARN_CONSTANT_CONVERSION = YES;
				CLANG_WARN_DEPRECATED_OBJC_IMPLEMENTATIONS = YES;
				CLANG_WARN_DIRECT_OBJC_ISA_USAGE = YES_ERROR;
				CLANG_WARN_DOCUMENTATION_COMMENTS = YES;
				CLANG_WARN_EMPTY_BODY = YES;
				CLANG_WARN_ENUM_CONVERSION = YES;
				CLANG_WARN_INFINITE_RECURSION = YES;
				CLANG_WARN_INT_CONVERSION = YES;
				CLANG_WARN_NON_LITERAL_NULL_CONVERSION = YES;
				CLANG_WARN_OBJC_IMPLICIT_RETAIN_SELF = YES;
				CLANG_WARN_OBJC_LITERAL_CONVERSION = YES;
				CLANG_WARN_OBJC_ROOT_CLASS = YES_ERROR;
				CLANG_WARN_RANGE_LOOP_ANALYSIS = YES;
				CLANG_WARN_STRICT_PROTOTYPES = YES;
				CLANG_WARN_SUSPICIOUS_MOVE = YES;
				CLANG_WARN_UNGUARDED_AVAILABILITY = YES_AGGRESSIVE;
				CLANG_WARN_UNREACHABLE_CODE = YES;
				CLANG_WARN__DUPLICATE_METHOD_MATCH = YES;
				CODE_SIGN_IDENTITY = "iPhone Developer";
				COPY_PHASE_STRIP = NO;
				DEBUG_INFORMATION_FORMAT = "dwarf-with-dsym";
				ENABLE_NS_ASSERTIONS = NO;
				ENABLE_STRICT_OBJC_MSGSEND = YES;
				GCC_C_LANGUAGE_STANDARD = gnu11;
				GCC_NO_COMMON_BLOCKS = YES;
				GCC_WARN_64_TO_32_BIT_CONVERSION = YES;
				GCC_WARN_ABOUT_RETURN_TYPE = YES_ERROR;
				GCC_WARN_UNDECLARED_SELECTOR = YES;
				GCC_WARN_UNINITIALIZED_AUTOS = YES_AGGRESSIVE;
				GCC_WARN_UNUSED_FUNCTION = YES;
				GCC_WARN_UNUSED_VARIABLE = YES;
				IPHONEOS_DEPLOYMENT_TARGET = 11.3;
				MTL_ENABLE_DEBUG_INFO = NO;
				SDKROOT = iphoneos;
				SWIFT_COMPILATION_MODE = wholemodule;
				SWIFT_OPTIMIZATION_LEVEL = "-O";
				VALIDATE_PRODUCT = YES;
			};
			name = Release;
		};
		894DEA962118170D001CA66F /* Debug */ = {
			isa = XCBuildConfiguration;
			buildSettings = {
				ASSETCATALOG_COMPILER_APPICON_NAME = AppIcon;
				CODE_SIGN_STYLE = Automatic;
				DEVELOPMENT_TEAM = H28X75MLUY;
				INFOPLIST_FILE = "Shimmer Effect/Info.plist";
				LD_RUNPATH_SEARCH_PATHS = (
					"$(inherited)",
					"@executable_path/Frameworks",
				);
				PRODUCT_BUNDLE_IDENTIFIER = "com.myCompany.Shimmer-Effect";
				PRODUCT_NAME = "$(TARGET_NAME)";
				SWIFT_VERSION = 4.0;
				TARGETED_DEVICE_FAMILY = "1,2";
			};
			name = Debug;
		};
		894DEA972118170D001CA66F /* Release */ = {
			isa = XCBuildConfiguration;
			buildSettings = {
				ASSETCATALOG_COMPILER_APPICON_NAME = AppIcon;
				CODE_SIGN_STYLE = Automatic;
				DEVELOPMENT_TEAM = H28X75MLUY;
				INFOPLIST_FILE = "Shimmer Effect/Info.plist";
				LD_RUNPATH_SEARCH_PATHS = (
					"$(inherited)",
					"@executable_path/Frameworks",
				);
				PRODUCT_BUNDLE_IDENTIFIER = "com.myCompany.Shimmer-Effect";
				PRODUCT_NAME = "$(TARGET_NAME)";
				SWIFT_VERSION = 4.0;
				TARGETED_DEVICE_FAMILY = "1,2";
			};
			name = Release;
		};
/* End XCBuildConfiguration section */

/* Begin XCConfigurationList section */
		894DEA7E2118170B001CA66F /* Build configuration list for PBXProject "Shimmer Effect" */ = {
			isa = XCConfigurationList;
			buildConfigurations = (
				894DEA932118170D001CA66F /* Debug */,
				894DEA942118170D001CA66F /* Release */,
			);
			defaultConfigurationIsVisible = 0;
			defaultConfigurationName = Release;
		};
		894DEA952118170D001CA66F /* Build configuration list for PBXNativeTarget "Shimmer Effect" */ = {
			isa = XCConfigurationList;
			buildConfigurations = (
				894DEA962118170D001CA66F /* Debug */,
				894DEA972118170D001CA66F /* Release */,
			);
			defaultConfigurationIsVisible = 0;
			defaultConfigurationName = Release;
		};
/* End XCConfigurationList section */
	};
	rootObject = 894DEA7B2118170B001CA66F /* Project object */;
}
